
Microsoft Visual Studio Solution File, Format Version 12.00
# Visual Studio Version 17
VisualStudioVersion = 17.9.34616.47
MinimumVisualStudioVersion = 10.0.40219.1
Project("{8BC9CEB8-8B4A-11D0-8D11-00A0C91BC942}") = "IntroductionToOOP", "IntroductionToOOP\IntroductionToOOP.vcxproj", "{B0B264FA-6BB3-4E60-81FC-AA76CEE8DF3F}"
EndProject
Project("{8BC9CEB8-8B4A-11D0-8D11-00A0C91BC942}") = "Fraction", "Fraction\Fraction.vcxproj", "{89678DC9-1D15-46FA-8B02-CE44344491E4}"
EndProject
Project("{8BC9CEB8-8B4A-11D0-8D11-00A0C91BC942}") = "String", "String\String.vcxproj", "{F923BFEB-0173-455C-B637-99A794CDCC52}"
EndProject
Project("{8BC9CEB8-8B4A-11D0-8D11-00A0C91BC942}") = "Matrix", "Matrix\Matrix.vcxproj", "{4F33ED54-76CC-4E10-BC58-CCC6EC039CBF}"
EndProject
Global
	GlobalSection(SolutionConfigurationPlatforms) = preSolution
		Debug|x64 = Debug|x64
		Debug|x86 = Debug|x86
		Release|x64 = Release|x64
		Release|x86 = Release|x86
	EndGlobalSection
	GlobalSection(ProjectConfigurationPlatforms) = postSolution
		{B0B264FA-6BB3-4E60-81FC-AA76CEE8DF3F}.Debug|x64.ActiveCfg = Debug|x64
		{B0B264FA-6BB3-4E60-81FC-AA76CEE8DF3F}.Debug|x64.Build.0 = Debug|x64
		{B0B264FA-6BB3-4E60-81FC-AA76CEE8DF3F}.Debug|x86.ActiveCfg = Debug|Win32
		{B0B264FA-6BB3-4E60-81FC-AA76CEE8DF3F}.Debug|x86.Build.0 = Debug|Win32
		{B0B264FA-6BB3-4E60-81FC-AA76CEE8DF3F}.Release|x64.ActiveCfg = Release|x64
		{B0B264FA-6BB3-4E60-81FC-AA76CEE8DF3F}.Release|x64.Build.0 = Release|x64
		{B0B264FA-6BB3-4E60-81FC-AA76CEE8DF3F}.Release|x86.ActiveCfg = Release|Win32
		{B0B264FA-6BB3-4E60-81FC-AA76CEE8DF3F}.Release|x86.Build.0 = Release|Win32
		{89678DC9-1D15-46FA-8B02-CE44344491E4}.Debug|x64.ActiveCfg = Debug|x64
		{89678DC9-1D15-46FA-8B02-CE44344491E4}.Debug|x64.Build.0 = Debug|x64
		{89678DC9-1D15-46FA-8B02-CE44344491E4}.Debug|x86.ActiveCfg = Debug|Win32
		{89678DC9-1D15-46FA-8B02-CE44344491E4}.Debug|x86.Build.0 = Debug|Win32
		{89678DC9-1D15-46FA-8B02-CE44344491E4}.Release|x64.ActiveCfg = Release|x64
		{89678DC9-1D15-46FA-8B02-CE44344491E4}.Release|x64.Build.0 = Release|x64
		{89678DC9-1D15-46FA-8B02-CE44344491E4}.Release|x86.ActiveCfg = Release|Win32
		{89678DC9-1D15-46FA-8B02-CE44344491E4}.Release|x86.Build.0 = Release|Win32
		{F923BFEB-0173-455C-B637-99A794CDCC52}.Debug|x64.ActiveCfg = Debug|x64
		{F923BFEB-0173-455C-B637-99A794CDCC52}.Debug|x64.Build.0 = Debug|x64
		{F923BFEB-0173-455C-B637-99A794CDCC52}.Debug|x86.ActiveCfg = Debug|Win32
		{F923BFEB-0173-455C-B637-99A794CDCC52}.Debug|x86.Build.0 = Debug|Win32
		{F923BFEB-0173-455C-B637-99A794CDCC52}.Release|x64.ActiveCfg = Release|x64
		{F923BFEB-0173-455C-B637-99A794CDCC52}.Release|x64.Build.0 = Release|x64
		{F923BFEB-0173-455C-B637-99A794CDCC52}.Release|x86.ActiveCfg = Release|Win32
		{F923BFEB-0173-455C-B637-99A794CDCC52}.Release|x86.Build.0 = Release|Win32
		{4F33ED54-76CC-4E10-BC58-CCC6EC039CBF}.Debug|x64.ActiveCfg = Debug|x64
		{4F33ED54-76CC-4E10-BC58-CCC6EC039CBF}.Debug|x64.Build.0 = Debug|x64
		{4F33ED54-76CC-4E10-BC58-CCC6EC039CBF}.Debug|x86.ActiveCfg = Debug|Win32
		{4F33ED54-76CC-4E10-BC58-CCC6EC039CBF}.Debug|x86.Build.0 = Debug|Win32
		{4F33ED54-76CC-4E10-BC58-CCC6EC039CBF}.Release|x64.ActiveCfg = Release|x64
		{4F33ED54-76CC-4E10-BC58-CCC6EC039CBF}.Release|x64.Build.0 = Release|x64
		{4F33ED54-76CC-4E10-BC58-CCC6EC039CBF}.Release|x86.ActiveCfg = Release|Win32
		{4F33ED54-76CC-4E10-BC58-CCC6EC039CBF}.Release|x86.Build.0 = Release|Win32
	EndGlobalSection
	GlobalSection(SolutionProperties) = preSolution
		HideSolutionNode = FALSE
	EndGlobalSection
	GlobalSection(ExtensibilityGlobals) = postSolution
		SolutionGuid = {3D16DC0A-ACFA-400B-A80D-90F1CECB0FA6}
	EndGlobalSection
EndGlobal
